
Microsoft Visual Studio Solution File, Format Version 12.00
# Visual Studio Version 17
VisualStudioVersion = 17.0.31903.59
MinimumVisualStudioVersion = 10.0.40219.1
Project("{2150E333-8FDC-42A3-9474-1A3956D46DE8}") = "src", "src", "{827E0CD3-B72D-47B6-A68D-7590B98EB39B}"
EndProject
Project("{FAE04EC0-301F-11D3-BF4B-00C04F79EFBC}") = "LaborConnect.Domain", "src\LaborConnect.Domain\LaborConnect.Domain.csproj", "{CA60CB55-0C7E-478A-9EC4-83775137EFC9}"
EndProject
Project("{FAE04EC0-301F-11D3-BF4B-00C04F79EFBC}") = "LaborConnect.WebApi", "src\LaborConnect.WebApi\LaborConnect.WebApi.csproj", "{4498F985-C020-4FF2-BEBB-DF4174983687}"
EndProject
Project("{2150E333-8FDC-42A3-9474-1A3956D46DE8}") = "test", "test", "{0C88DD14-F956-CE84-757C-A364CCF449FC}"
EndProject
Project("{FAE04EC0-301F-11D3-BF4B-00C04F79EFBC}") = "LaborConnect.Tests", "test\LaborConnect.Tests\LaborConnect.Tests.csproj", "{27A59B49-C6A8-47DD-A358-17528D9701FF}"
EndProject
Project("{FAE04EC0-301F-11D3-BF4B-00C04F79EFBC}") = "LaborConnect.Application", "src\LaborConnect.Application\LaborConnect.Application.csproj", "{919C642C-FD6A-24E3-EED3-82942F095A13}"
EndProject
Project("{FAE04EC0-301F-11D3-BF4B-00C04F79EFBC}") = "LaborConnect.Infrastructure", "src\LaborConnect.Infrastructure\LaborConnect.Infrastructure.csproj", "{65113DAF-D035-954D-EBEB-15458D1425FA}"
EndProject
Global
	GlobalSection(SolutionConfigurationPlatforms) = preSolution
		Debug|Any CPU = Debug|Any CPU
		Debug|x64 = Debug|x64
		Debug|x86 = Debug|x86
		Release|Any CPU = Release|Any CPU
		Release|x64 = Release|x64
		Release|x86 = Release|x86
	EndGlobalSection
	GlobalSection(ProjectConfigurationPlatforms) = postSolution
		{CA60CB55-0C7E-478A-9EC4-83775137EFC9}.Debug|Any CPU.ActiveCfg = Debug|Any CPU
		{CA60CB55-0C7E-478A-9EC4-83775137EFC9}.Debug|Any CPU.Build.0 = Debug|Any CPU
		{CA60CB55-0C7E-478A-9EC4-83775137EFC9}.Debug|x64.ActiveCfg = Debug|Any CPU
		{CA60CB55-0C7E-478A-9EC4-83775137EFC9}.Debug|x64.Build.0 = Debug|Any CPU
		{CA60CB55-0C7E-478A-9EC4-83775137EFC9}.Debug|x86.ActiveCfg = Debug|Any CPU
		{CA60CB55-0C7E-478A-9EC4-83775137EFC9}.Debug|x86.Build.0 = Debug|Any CPU
		{CA60CB55-0C7E-478A-9EC4-83775137EFC9}.Release|Any CPU.ActiveCfg = Release|Any CPU
		{CA60CB55-0C7E-478A-9EC4-83775137EFC9}.Release|Any CPU.Build.0 = Release|Any CPU
		{CA60CB55-0C7E-478A-9EC4-83775137EFC9}.Release|x64.ActiveCfg = Release|Any CPU
		{CA60CB55-0C7E-478A-9EC4-83775137EFC9}.Release|x64.Build.0 = Release|Any CPU
		{CA60CB55-0C7E-478A-9EC4-83775137EFC9}.Release|x86.ActiveCfg = Release|Any CPU
		{CA60CB55-0C7E-478A-9EC4-83775137EFC9}.Release|x86.Build.0 = Release|Any CPU
		{4498F985-C020-4FF2-BEBB-DF4174983687}.Debug|Any CPU.ActiveCfg = Debug|Any CPU
		{4498F985-C020-4FF2-BEBB-DF4174983687}.Debug|Any CPU.Build.0 = Debug|Any CPU
		{4498F985-C020-4FF2-BEBB-DF4174983687}.Debug|x64.ActiveCfg = Debug|Any CPU
		{4498F985-C020-4FF2-BEBB-DF4174983687}.Debug|x64.Build.0 = Debug|Any CPU
		{4498F985-C020-4FF2-BEBB-DF4174983687}.Debug|x86.ActiveCfg = Debug|Any CPU
		{4498F985-C020-4FF2-BEBB-DF4174983687}.Debug|x86.Build.0 = Debug|Any CPU
		{4498F985-C020-4FF2-BEBB-DF4174983687}.Release|Any CPU.ActiveCfg = Release|Any CPU
		{4498F985-C020-4FF2-BEBB-DF4174983687}.Release|Any CPU.Build.0 = Release|Any CPU
		{4498F985-C020-4FF2-BEBB-DF4174983687}.Release|x64.ActiveCfg = Release|Any CPU
		{4498F985-C020-4FF2-BEBB-DF4174983687}.Release|x64.Build.0 = Release|Any CPU
		{4498F985-C020-4FF2-BEBB-DF4174983687}.Release|x86.ActiveCfg = Release|Any CPU
		{4498F985-C020-4FF2-BEBB-DF4174983687}.Release|x86.Build.0 = Release|Any CPU
		{27A59B49-C6A8-47DD-A358-17528D9701FF}.Debug|Any CPU.ActiveCfg = Debug|Any CPU
		{27A59B49-C6A8-47DD-A358-17528D9701FF}.Debug|Any CPU.Build.0 = Debug|Any CPU
		{27A59B49-C6A8-47DD-A358-17528D9701FF}.Debug|x64.ActiveCfg = Debug|Any CPU
		{27A59B49-C6A8-47DD-A358-17528D9701FF}.Debug|x64.Build.0 = Debug|Any CPU
		{27A59B49-C6A8-47DD-A358-17528D9701FF}.Debug|x86.ActiveCfg = Debug|Any CPU
		{27A59B49-C6A8-47DD-A358-17528D9701FF}.Debug|x86.Build.0 = Debug|Any CPU
		{27A59B49-C6A8-47DD-A358-17528D9701FF}.Release|Any CPU.ActiveCfg = Release|Any CPU
		{27A59B49-C6A8-47DD-A358-17528D9701FF}.Release|Any CPU.Build.0 = Release|Any CPU
		{27A59B49-C6A8-47DD-A358-17528D9701FF}.Release|x64.ActiveCfg = Release|Any CPU
		{27A59B49-C6A8-47DD-A358-17528D9701FF}.Release|x64.Build.0 = Release|Any CPU
		{27A59B49-C6A8-47DD-A358-17528D9701FF}.Release|x86.ActiveCfg = Release|Any CPU
		{27A59B49-C6A8-47DD-A358-17528D9701FF}.Release|x86.Build.0 = Release|Any CPU
		{919C642C-FD6A-24E3-EED3-82942F095A13}.Debug|Any CPU.ActiveCfg = Debug|Any CPU
		{919C642C-FD6A-24E3-EED3-82942F095A13}.Debug|Any CPU.Build.0 = Debug|Any CPU
		{919C642C-FD6A-24E3-EED3-82942F095A13}.Debug|x64.ActiveCfg = Debug|Any CPU
		{919C642C-FD6A-24E3-EED3-82942F095A13}.Debug|x64.Build.0 = Debug|Any CPU
		{919C642C-FD6A-24E3-EED3-82942F095A13}.Debug|x86.ActiveCfg = Debug|Any CPU
		{919C642C-FD6A-24E3-EED3-82942F095A13}.Debug|x86.Build.0 = Debug|Any CPU
		{919C642C-FD6A-24E3-EED3-82942F095A13}.Release|Any CPU.ActiveCfg = Release|Any CPU
		{919C642C-FD6A-24E3-EED3-82942F095A13}.Release|Any CPU.Build.0 = Release|Any CPU
		{919C642C-FD6A-24E3-EED3-82942F095A13}.Release|x64.ActiveCfg = Release|Any CPU
		{919C642C-FD6A-24E3-EED3-82942F095A13}.Release|x64.Build.0 = Release|Any CPU
		{919C642C-FD6A-24E3-EED3-82942F095A13}.Release|x86.ActiveCfg = Release|Any CPU
		{919C642C-FD6A-24E3-EED3-82942F095A13}.Release|x86.Build.0 = Release|Any CPU
		{65113DAF-D035-954D-EBEB-15458D1425FA}.Debug|Any CPU.ActiveCfg = Debug|Any CPU
		{65113DAF-D035-954D-EBEB-15458D1425FA}.Debug|Any CPU.Build.0 = Debug|Any CPU
		{65113DAF-D035-954D-EBEB-15458D1425FA}.Debug|x64.ActiveCfg = Debug|Any CPU
		{65113DAF-D035-954D-EBEB-15458D1425FA}.Debug|x64.Build.0 = Debug|Any CPU
		{65113DAF-D035-954D-EBEB-15458D1425FA}.Debug|x86.ActiveCfg = Debug|Any CPU
		{65113DAF-D035-954D-EBEB-15458D1425FA}.Debug|x86.Build.0 = Debug|Any CPU
		{65113DAF-D035-954D-EBEB-15458D1425FA}.Release|Any CPU.ActiveCfg = Release|Any CPU
		{65113DAF-D035-954D-EBEB-15458D1425FA}.Release|Any CPU.Build.0 = Release|Any CPU
		{65113DAF-D035-954D-EBEB-15458D1425FA}.Release|x64.ActiveCfg = Release|Any CPU
		{65113DAF-D035-954D-EBEB-15458D1425FA}.Release|x64.Build.0 = Release|Any CPU
		{65113DAF-D035-954D-EBEB-15458D1425FA}.Release|x86.ActiveCfg = Release|Any CPU
		{65113DAF-D035-954D-EBEB-15458D1425FA}.Release|x86.Build.0 = Release|Any CPU
	EndGlobalSection
	GlobalSection(SolutionProperties) = preSolution
		HideSolutionNode = FALSE
	EndGlobalSection
	GlobalSection(NestedProjects) = preSolution
		{CA60CB55-0C7E-478A-9EC4-83775137EFC9} = {827E0CD3-B72D-47B6-A68D-7590B98EB39B}
		{4498F985-C020-4FF2-BEBB-DF4174983687} = {827E0CD3-B72D-47B6-A68D-7590B98EB39B}
		{27A59B49-C6A8-47DD-A358-17528D9701FF} = {0C88DD14-F956-CE84-757C-A364CCF449FC}
		{919C642C-FD6A-24E3-EED3-82942F095A13} = {827E0CD3-B72D-47B6-A68D-7590B98EB39B}
		{65113DAF-D035-954D-EBEB-15458D1425FA} = {827E0CD3-B72D-47B6-A68D-7590B98EB39B}
	EndGlobalSection
	GlobalSection(ExtensibilityGlobals) = postSolution
		SolutionGuid = {BE648136-5F0B-4536-AF80-0B044CFAFDD9}
	EndGlobalSection
EndGlobal
